# This file is automatically @generated by Poetry 1.5.1 and should not be changed by hand.

[[package]]
name = "mdutils"
version = "1.6.0"
description = "Useful package for creating Markdown files while executing python code."
optional = false
python-versions = "^3.6"
files = [
    {file = "mdutils-1.6.0.tar.gz", hash = "sha256:647f3cf00df39fee6c57fa6738dc1160fce1788276b5530c87d43a70cdefdaf1"},
]

[metadata]
lock-version = "2.0"
python-versions = "^3.9"
content-hash = "e8316185163917a95aed0c3c9134739811ff928bafdd72e2a29b70f5d09f7a8f"
